
Microsoft Visual Studio Solution File, Format Version 12.00
# Visual Studio Version 17
VisualStudioVersion = 17.14.36511.14 d17.14
MinimumVisualStudioVersion = 10.0.40219.1
Project("{FAE04EC0-301F-11D3-BF4B-00C04F79EFBC}") = "SecondWebApp", "SecondWebApp\SecondWebApp.csproj", "{5F11F0B8-C888-4A1B-9122-66C8BF01582A}"
EndProject
Global
	GlobalSection(SolutionConfigurationPlatforms) = preSolution
		Debug|Any CPU = Debug|Any CPU
		Release|Any CPU = Release|Any CPU
	EndGlobalSection
	GlobalSection(ProjectConfigurationPlatforms) = postSolution
		{5F11F0B8-C888-4A1B-9122-66C8BF01582A}.Debug|Any CPU.ActiveCfg = Debug|Any CPU
		{5F11F0B8-C888-4A1B-9122-66C8BF01582A}.Debug|Any CPU.Build.0 = Debug|Any CPU
		{5F11F0B8-C888-4A1B-9122-66C8BF01582A}.Release|Any CPU.ActiveCfg = Release|Any CPU
		{5F11F0B8-C888-4A1B-9122-66C8BF01582A}.Release|Any CPU.Build.0 = Release|Any CPU
	EndGlobalSection
	GlobalSection(SolutionProperties) = preSolution
		HideSolutionNode = FALSE
	EndGlobalSection
	GlobalSection(ExtensibilityGlobals) = postSolution
		SolutionGuid = {27C070D2-40FE-46A5-BE84-CC34A206C04A}
	EndGlobalSection
EndGlobal
